# THIS IS AN AUTOGENERATED FILE. DO NOT EDIT THIS FILE DIRECTLY.
# yarn lockfile v1


"@vue/reactivity@~3.5.40":
  version "3.5.42"
  resolved "https://registry.yarnpkg.com/@vue/reactivity/-/reactivity-3.5.42.tgz#800220f023d36fd04d94460c7c7ab5808f8ae75f"
  integrity sha512-TzNNfKpb7hDxbQltwAut8VDQA5YP+BuRlxntHUuRjyKwlMvmAPbs3unhCvieijifY6vFfVBwsS7wG/C7uq+bEQ==
  dependencies:
    "@vue/shared" "3.5.42"

"@vue/shared@3.5.42":
  version "3.5.42"
  resolved "https://registry.yarnpkg.com/@vue/shared/-/shared-3.5.42.tgz#a413cf21262502662354cda3b65ab31bca979202"
  integrity sha512-2rPxex1jQf4jvl9MOHl6YaXCPcrNqz/FstMOEh3QWY+/OME9nQTvl9WYeCwhW7AFjaR0SnngZGlp/wkR6rkI6g==

alpinejs@^3.17.3:
  version "3.17.3"
  resolved "https://registry.yarnpkg.com/alpinejs/-/alpinejs-3.17.3.tgz#d23b7f97f5c204ea7ac4aebfc7fc3613c8f7bb29"
  integrity sha512-hIfoRTBBeHMeMu6gXuKwwNoY6pJ7bwpZ91dXVrqRhUhHFOyGr4S21sUYqbxPY5Cnjo0RAmPZVRRZw1becRyV0Q==
  dependencies:
    "@vue/reactivity" "~3.5.40"
